
Microsoft Visual Studio Solution File, Format Version 12.00
# Visual Studio Version 16
VisualStudioVersion = 16.0.30320.27
MinimumVisualStudioVersion = 10.0.40219.1
Project("{9A19103F-16F7-4668-BE54-9A1E7A4F7556}") = "akvrotation", "akvrotation.csproj", "{D8C5C357-44B9-41CF-A013-136AFF456DED}"
EndProject
Global
	GlobalSection(SolutionConfigurationPlatforms) = preSolution
		Debug|Any CPU = Debug|Any CPU
		Release|Any CPU = Release|Any CPU
	EndGlobalSection
	GlobalSection(ProjectConfigurationPlatforms) = postSolution
		{D8C5C357-44B9-41CF-A013-136AFF456DED}.Debug|Any CPU.ActiveCfg = Debug|Any CPU
		{D8C5C357-44B9-41CF-A013-136AFF456DED}.Debug|Any CPU.Build.0 = Debug|Any CPU
		{D8C5C357-44B9-41CF-A013-136AFF456DED}.Release|Any CPU.ActiveCfg = Release|Any CPU
		{D8C5C357-44B9-41CF-A013-136AFF456DED}.Release|Any CPU.Build.0 = Release|Any CPU
	EndGlobalSection
	GlobalSection(SolutionProperties) = preSolution
		HideSolutionNode = FALSE
	EndGlobalSection
	GlobalSection(ExtensibilityGlobals) = postSolution
		SolutionGuid = {BFB8901D-9EE2-4B33-AD86-593C18607EDA}
	EndGlobalSection
EndGlobal
